
Microsoft Visual Studio Solution File, Format Version 12.00
# Visual Studio Version 17
VisualStudioVersion = 17.10.34916.146
MinimumVisualStudioVersion = 10.0.40219.1
Project("{FAE04EC0-301F-11D3-BF4B-00C04F79EFBC}") = "gestion de mecanicos", "gestion de mecanicos\gestion de mecanicos.csproj", "{210AF796-BB87-453A-AFBA-F67498DAD58F}"
EndProject
Global
	GlobalSection(SolutionConfigurationPlatforms) = preSolution
		Debug|Any CPU = Debug|Any CPU
		Release|Any CPU = Release|Any CPU
	EndGlobalSection
	GlobalSection(ProjectConfigurationPlatforms) = postSolution
		{210AF796-BB87-453A-AFBA-F67498DAD58F}.Debug|Any CPU.ActiveCfg = Debug|Any CPU
		{210AF796-BB87-453A-AFBA-F67498DAD58F}.Debug|Any CPU.Build.0 = Debug|Any CPU
		{210AF796-BB87-453A-AFBA-F67498DAD58F}.Release|Any CPU.ActiveCfg = Release|Any CPU
		{210AF796-BB87-453A-AFBA-F67498DAD58F}.Release|Any CPU.Build.0 = Release|Any CPU
	EndGlobalSection
	GlobalSection(SolutionProperties) = preSolution
		HideSolutionNode = FALSE
	EndGlobalSection
	GlobalSection(ExtensibilityGlobals) = postSolution
		SolutionGuid = {A3E9637C-6090-4418-89BC-F2BF1FEC50BD}
	EndGlobalSection
EndGlobal
